
Microsoft Visual Studio Solution File, Format Version 12.00
# Visual Studio Version 17
VisualStudioVersion = 17.10.34916.146
MinimumVisualStudioVersion = 10.0.40219.1
Project("{FAE04EC0-301F-11D3-BF4B-00C04F79EFBC}") = "NTierArchitecture.UI", "NTierArchitecture.UI\NTierArchitecture.UI.csproj", "{36A621CC-D974-4C94-A45F-2B10C5FED16B}"
EndProject
Project("{FAE04EC0-301F-11D3-BF4B-00C04F79EFBC}") = "NTierArchitecture.Business", "NTierArchitecture.Business\NTierArchitecture.Business.csproj", "{874B05AC-E649-466F-A001-5D8AB93D1156}"
EndProject
Project("{FAE04EC0-301F-11D3-BF4B-00C04F79EFBC}") = "NTierArchitecture.DataAccess", "NTierArchitecture.DataAccess\NTierArchitecture.DataAccess.csproj", "{CE45F9B4-C740-4BE1-B347-65EEEF1522BB}"
EndProject
Project("{FAE04EC0-301F-11D3-BF4B-00C04F79EFBC}") = "NTierArchitecture.Entities", "NTierArchitecture.Entities\NTierArchitecture.Entities.csproj", "{71640C38-A095-447E-97FF-EEE756873A37}"
EndProject
Project("{2150E333-8FDC-42A3-9474-1A3956D46DE8}") = "Notes", "Notes", "{E03DC133-643E-48C0-B001-7DA8B11EF9EE}"
	ProjectSection(SolutionItems) = preProject
		notes.txt = notes.txt
	EndProjectSection
EndProject
Global
	GlobalSection(SolutionConfigurationPlatforms) = preSolution
		Debug|Any CPU = Debug|Any CPU
		Release|Any CPU = Release|Any CPU
	EndGlobalSection
	GlobalSection(ProjectConfigurationPlatforms) = postSolution
		{36A621CC-D974-4C94-A45F-2B10C5FED16B}.Debug|Any CPU.ActiveCfg = Debug|Any CPU
		{36A621CC-D974-4C94-A45F-2B10C5FED16B}.Debug|Any CPU.Build.0 = Debug|Any CPU
		{36A621CC-D974-4C94-A45F-2B10C5FED16B}.Release|Any CPU.ActiveCfg = Release|Any CPU
		{36A621CC-D974-4C94-A45F-2B10C5FED16B}.Release|Any CPU.Build.0 = Release|Any CPU
		{874B05AC-E649-466F-A001-5D8AB93D1156}.Debug|Any CPU.ActiveCfg = Debug|Any CPU
		{874B05AC-E649-466F-A001-5D8AB93D1156}.Debug|Any CPU.Build.0 = Debug|Any CPU
		{874B05AC-E649-466F-A001-5D8AB93D1156}.Release|Any CPU.ActiveCfg = Release|Any CPU
		{874B05AC-E649-466F-A001-5D8AB93D1156}.Release|Any CPU.Build.0 = Release|Any CPU
		{CE45F9B4-C740-4BE1-B347-65EEEF1522BB}.Debug|Any CPU.ActiveCfg = Debug|Any CPU
		{CE45F9B4-C740-4BE1-B347-65EEEF1522BB}.Debug|Any CPU.Build.0 = Debug|Any CPU
		{CE45F9B4-C740-4BE1-B347-65EEEF1522BB}.Release|Any CPU.ActiveCfg = Release|Any CPU
		{CE45F9B4-C740-4BE1-B347-65EEEF1522BB}.Release|Any CPU.Build.0 = Release|Any CPU
		{71640C38-A095-447E-97FF-EEE756873A37}.Debug|Any CPU.ActiveCfg = Debug|Any CPU
		{71640C38-A095-447E-97FF-EEE756873A37}.Debug|Any CPU.Build.0 = Debug|Any CPU
		{71640C38-A095-447E-97FF-EEE756873A37}.Release|Any CPU.ActiveCfg = Release|Any CPU
		{71640C38-A095-447E-97FF-EEE756873A37}.Release|Any CPU.Build.0 = Release|Any CPU
	EndGlobalSection
	GlobalSection(SolutionProperties) = preSolution
		HideSolutionNode = FALSE
	EndGlobalSection
	GlobalSection(ExtensibilityGlobals) = postSolution
		SolutionGuid = {E0520195-CB4B-4915-819A-69945EB5189E}
	EndGlobalSection
EndGlobal
